PODS:
  - AckooSDK (0.1.8)
  - Nimble (8.1.1)
  - Quick (3.0.0)

DEPENDENCIES:
  - AckooSDK (from `../`)
  - Nimble
  - Quick

SPEC REPOS:
  trunk:
    - Nimble
    - Quick

EXTERNAL SOURCES:
  AckooSDK:
    :path: "../"

SPEC CHECKSUMS:
  AckooSDK: 9324b9a58223728a358c5a3f2221c5b8d4ce15a4
  Nimble: 5f8a2fb6fa343a7242dfdd9d42f7267419d464b2
  Quick: 6d9559f40647bc4d510103842ef2fdd882d753e2

PODFILE CHECKSUM: 2564c52c90371330471f369fdb4abd35d1a6ceca

COCOAPODS: 1.9.3
